
Microsoft Visual Studio Solution File, Format Version 12.00
# Visual Studio Version 17
VisualStudioVersion = 17.3.32819.101
MinimumVisualStudioVersion = 10.0.40219.1
Project("{FAE04EC0-301F-11D3-BF4B-00C04F79EFBC}") = "Decisions", "Decisions.csproj", "{F6B53C0C-2D73-4088-9303-62AFBAEC0E5D}"
EndProject
Global
	GlobalSection(SolutionConfigurationPlatforms) = preSolution
		Debug|Any CPU = Debug|Any CPU
		Release|Any CPU = Release|Any CPU
	EndGlobalSection
	GlobalSection(ProjectConfigurationPlatforms) = postSolution
		{F6B53C0C-2D73-4088-9303-62AFBAEC0E5D}.Debug|Any CPU.ActiveCfg = Debug|Any CPU
		{F6B53C0C-2D73-4088-9303-62AFBAEC0E5D}.Debug|Any CPU.Build.0 = Debug|Any CPU
		{F6B53C0C-2D73-4088-9303-62AFBAEC0E5D}.Release|Any CPU.ActiveCfg = Release|Any CPU
		{F6B53C0C-2D73-4088-9303-62AFBAEC0E5D}.Release|Any CPU.Build.0 = Release|Any CPU
	EndGlobalSection
	GlobalSection(SolutionProperties) = preSolution
		HideSolutionNode = FALSE
	EndGlobalSection
	GlobalSection(ExtensibilityGlobals) = postSolution
		SolutionGuid = {5738DFA8-E124-4BAE-88EE-D09670FD997C}
	EndGlobalSection
EndGlobal
